// !$*UTF8*$!
{
	archiveVersion = 1;
	classes = {
	};
	objectVersion = 56;
	objects = {

/* Begin PBXBuildFile section */
		2C0DBF1B2AFB4EA3002DE51B /* StatisticsMatchView.swift in Sources */ = {isa = PBXBuildFile; fileRef = 2C0DBF1A2AFB4EA3002DE51B /* StatisticsMatchView.swift */; };
		2C0DBF1D2AFB4EE2002DE51B /* StatisticsMatchViewModel.swift in Sources */ = {isa = PBXBuildFile; fileRef = 2C0DBF1C2AFB4EE2002DE51B /* StatisticsMatchViewModel.swift */; };
		2C0DBF252AFBCA90002DE51B /* MatchViewComponent.swift in Sources */ = {isa = PBXBuildFile; fileRef = 2C0DBF242AFBCA90002DE51B /* MatchViewComponent.swift */; };
		2C0DBF272AFBDB39002DE51B /* PickerStatisticsViewComponent.swift in Sources */ = {isa = PBXBuildFile; fileRef = 2C0DBF262AFBDB39002DE51B /* PickerStatisticsViewComponent.swift */; };
		2C0DBF292AFBE0DD002DE51B /* ScoreTableViewComponent.swift in Sources */ = {isa = PBXBuildFile; fileRef = 2C0DBF282AFBE0DD002DE51B /* ScoreTableViewComponent.swift */; };
		2C0DBF2B2AFD1B26002DE51B /* ProgressCircleViewComponent.swift in Sources */ = {isa = PBXBuildFile; fileRef = 2C0DBF2A2AFD1B26002DE51B /* ProgressCircleViewComponent.swift */; };
		2C0DBF2D2AFD322F002DE51B /* PeriodPickerViewComponent.swift in Sources */ = {isa = PBXBuildFile; fileRef = 2C0DBF2C2AFD322F002DE51B /* PeriodPickerViewComponent.swift */; };
		2C0DBF332AFDD4BD002DE51B /* StatisticsMatchView+Content.swift in Sources */ = {isa = PBXBuildFile; fileRef = 2C0DBF322AFDD4BD002DE51B /* StatisticsMatchView+Content.swift */; };
		2C0DBF352AFDD5B3002DE51B /* StatisticsMatchView+Components.swift in Sources */ = {isa = PBXBuildFile; fileRef = 2C0DBF342AFDD5B3002DE51B /* StatisticsMatchView+Components.swift */; };
		2C0DBF392AFF3AC4002DE51B /* NumberCircleViewComponent.swift in Sources */ = {isa = PBXBuildFile; fileRef = 2C0DBF382AFF3AC4002DE51B /* NumberCircleViewComponent.swift */; };
		2C0DBF3B2AFF40FF002DE51B /* StatisticsItemViewComponent.swift in Sources */ = {isa = PBXBuildFile; fileRef = 2C0DBF3A2AFF40FF002DE51B /* StatisticsItemViewComponent.swift */; };
		2C0DBF3D2AFF4590002DE51B /* ListGroupStatisticsViewComponent.swift in Sources */ = {isa = PBXBuildFile; fileRef = 2C0DBF3C2AFF4590002DE51B /* ListGroupStatisticsViewComponent.swift */; };
		2C0DBF3F2AFFA73C002DE51B /* LineupsDataModel.swift in Sources */ = {isa = PBXBuildFile; fileRef = 2C0DBF3E2AFFA73C002DE51B /* LineupsDataModel.swift */; };
		2C0DBF412AFFA786002DE51B /* LineupsItemModel.swift in Sources */ = {isa = PBXBuildFile; fileRef = 2C0DBF402AFFA786002DE51B /* LineupsItemModel.swift */; };
		2C0DBF432AFFA870002DE51B /* LineupsItemPlayerModel.swift in Sources */ = {isa = PBXBuildFile; fileRef = 2C0DBF422AFFA870002DE51B /* LineupsItemPlayerModel.swift */; };
		2C0DBF462AFFA8D8002DE51B /* LineupsItemMissingPlayerModel.swift in Sources */ = {isa = PBXBuildFile; fileRef = 2C0DBF452AFFA8D8002DE51B /* LineupsItemMissingPlayerModel.swift */; };
		2C0DBF482AFFA943002DE51B /* PlayerStatisticsModel.swift in Sources */ = {isa = PBXBuildFile; fileRef = 2C0DBF472AFFA943002DE51B /* PlayerStatisticsModel.swift */; };
		2C0DBF4A2AFFAB64002DE51B /* TypeStatisticsView.swift in Sources */ = {isa = PBXBuildFile; fileRef = 2C0DBF492AFFAB64002DE51B /* TypeStatisticsView.swift */; };
		2C0DBF4C2B009242002DE51B /* CountryModel.swift in Sources */ = {isa = PBXBuildFile; fileRef = 2C0DBF4B2B009242002DE51B /* CountryModel.swift */; };
		2C0DBF4E2B00A4B3002DE51B /* LineupsPlayerTableViewComponent.swift in Sources */ = {isa = PBXBuildFile; fileRef = 2C0DBF4D2B00A4B3002DE51B /* LineupsPlayerTableViewComponent.swift */; };
		2C0DBF502B00BDE7002DE51B /* TypeTopTableItem.swift in Sources */ = {isa = PBXBuildFile; fileRef = 2C0DBF4F2B00BDE7002DE51B /* TypeTopTableItem.swift */; };
		2C0DBF542B00BE94002DE51B /* Int.swift in Sources */ = {isa = PBXBuildFile; fileRef = 2C0DBF532B00BE94002DE51B /* Int.swift */; };
		2C0DBF562B00C291002DE51B /* ImageViewComponent.swift in Sources */ = {isa = PBXBuildFile; fileRef = 2C0DBF552B00C291002DE51B /* ImageViewComponent.swift */; };
		2C0DBF582B00C30C002DE51B /* ImageViewComponetViewModel.swift in Sources */ = {isa = PBXBuildFile; fileRef = 2C0DBF572B00C30C002DE51B /* ImageViewComponetViewModel.swift */; };
		2C0DBF5A2B00C559002DE51B /* PickerTeamViewComponent.swift in Sources */ = {isa = PBXBuildFile; fileRef = 2C0DBF592B00C559002DE51B /* PickerTeamViewComponent.swift */; };
		2C0DBF5C2B00CDB2002DE51B /* TypeShowTeam.swift in Sources */ = {isa = PBXBuildFile; fileRef = 2C0DBF5B2B00CDB2002DE51B /* TypeShowTeam.swift */; };
		2C13BADC2B0123EF00554FF8 /* HighlightsItemViewComponent.swift in Sources */ = {isa = PBXBuildFile; fileRef = 2C13BADB2B0123EF00554FF8 /* HighlightsItemViewComponent.swift */; };
		2C13BADE2B01343100554FF8 /* HighlightsImageViewComponent.swift in Sources */ = {isa = PBXBuildFile; fileRef = 2C13BADD2B01343100554FF8 /* HighlightsImageViewComponent.swift */; };
		2C3095F82B0B8DE100350AB9 /* TeamProfileView.swift in Sources */ = {isa = PBXBuildFile; fileRef = 2C3095F72B0B8DE100350AB9 /* TeamProfileView.swift */; };
		2C3095FA2B0B8E4C00350AB9 /* TeamProfileViewModel.swift in Sources */ = {isa = PBXBuildFile; fileRef = 2C3095F92B0B8E4C00350AB9 /* TeamProfileViewModel.swift */; };
		2C3095FC2B0B8F5800350AB9 /* VenueModel.swift in Sources */ = {isa = PBXBuildFile; fileRef = 2C3095FB2B0B8F5800350AB9 /* VenueModel.swift */; };
		2C3D5F5A2AF953820066790A /* StatisticsMatchModel.swift in Sources */ = {isa = PBXBuildFile; fileRef = 2C3D5F592AF953820066790A /* StatisticsMatchModel.swift */; };
		2C3D5F5E2AF9563F0066790A /* GroupModel.swift in Sources */ = {isa = PBXBuildFile; fileRef = 2C3D5F5D2AF9563F0066790A /* GroupModel.swift */; };
		2C3D5F602AF956620066790A /* PeriodType.swift in Sources */ = {isa = PBXBuildFile; fileRef = 2C3D5F5F2AF956620066790A /* PeriodType.swift */; };
		2C3D5F622AF9568B0066790A /* GroupNameType.swift in Sources */ = {isa = PBXBuildFile; fileRef = 2C3D5F612AF9568B0066790A /* GroupNameType.swift */; };
		2C3D5F662AF958450066790A /* NameStatisticsItemType.swift in Sources */ = {isa = PBXBuildFile; fileRef = 2C3D5F652AF958450066790A /* NameStatisticsItemType.swift */; };
		2C3D5F682AF958640066790A /* StatisticsItemModel.swift in Sources */ = {isa = PBXBuildFile; fileRef = 2C3D5F672AF958640066790A /* StatisticsItemModel.swift */; };
		2C3D5F6C2AF95AA10066790A /* ValueType.swift in Sources */ = {isa = PBXBuildFile; fileRef = 2C3D5F6B2AF95AA10066790A /* ValueType.swift */; };
		2C4D692E2AF28F9F00CF5A55 /* TraceNBAApp.swift in Sources */ = {isa = PBXBuildFile; fileRef = 2C4D692D2AF28F9F00CF5A55 /* TraceNBAApp.swift */; };
		2C4D69322AF28FA000CF5A55 /* Assets.xcassets in Resources */ = {isa = PBXBuildFile; fileRef = 2C4D69312AF28FA000CF5A55 /* Assets.xcassets */; };
		2C4D69352AF28FA000CF5A55 /* Preview Assets.xcassets in Resources */ = {isa = PBXBuildFile; fileRef = 2C4D69342AF28FA000CF5A55 /* Preview Assets.xcassets */; };
		2C4D69592AF2A70C00CF5A55 /* TabBarView.swift in Sources */ = {isa = PBXBuildFile; fileRef = 2C4D69582AF2A70C00CF5A55 /* TabBarView.swift */; };
		2C621D112B034DE0004E0E79 /* PlayerStatisticsView+Toolbar.swift in Sources */ = {isa = PBXBuildFile; fileRef = 2C621D102B034DE0004E0E79 /* PlayerStatisticsView+Toolbar.swift */; };
		2C88F93F2AF358CA007B28F8 /* MatchModel.swift in Sources */ = {isa = PBXBuildFile; fileRef = 2C88F93E2AF358CA007B28F8 /* MatchModel.swift */; };
		2C88F9412AF35973007B28F8 /* TeamModel.swift in Sources */ = {isa = PBXBuildFile; fileRef = 2C88F9402AF35973007B28F8 /* TeamModel.swift */; };
		2C88F9432AF359DC007B28F8 /* ScoreModel.swift in Sources */ = {isa = PBXBuildFile; fileRef = 2C88F9422AF359DC007B28F8 /* ScoreModel.swift */; };
		2C88F9452AF35A4D007B28F8 /* DataModel.swift in Sources */ = {isa = PBXBuildFile; fileRef = 2C88F9442AF35A4D007B28F8 /* DataModel.swift */; };
		2C88F9472AF35BF3007B28F8 /* ManagerModel.swift in Sources */ = {isa = PBXBuildFile; fileRef = 2C88F9462AF35BF3007B28F8 /* ManagerModel.swift */; };
		2C88F9492AF35CA6007B28F8 /* PlayerModel.swift in Sources */ = {isa = PBXBuildFile; fileRef = 2C88F9482AF35CA6007B28F8 /* PlayerModel.swift */; };
		2C88F94B2AF35F20007B28F8 /* Constants.swift in Sources */ = {isa = PBXBuildFile; fileRef = 2C88F94A2AF35F20007B28F8 /* Constants.swift */; };
		2C88F94E2AF360EF007B28F8 /* DataService.swift in Sources */ = {isa = PBXBuildFile; fileRef = 2C88F94D2AF360EF007B28F8 /* DataService.swift */; };
		2C88F9502AF362AF007B28F8 /* Errors.swift in Sources */ = {isa = PBXBuildFile; fileRef = 2C88F94F2AF362AF007B28F8 /* Errors.swift */; };
		2C88F9552AF368D3007B28F8 /* DataServiceProtocol.swift in Sources */ = {isa = PBXBuildFile; fileRef = 2C88F9542AF368D3007B28F8 /* DataServiceProtocol.swift */; };
		2C88F95D2AF36D4A007B28F8 /* StreamMatchesView.swift in Sources */ = {isa = PBXBuildFile; fileRef = 2C88F95C2AF36D4A007B28F8 /* StreamMatchesView.swift */; };
		2C88F9622AF372F5007B28F8 /* LiveComponent.swift in Sources */ = {isa = PBXBuildFile; fileRef = 2C88F9612AF372F5007B28F8 /* LiveComponent.swift */; };
		2C88F9662AF37711007B28F8 /* StreamMatchesViewModel.swift in Sources */ = {isa = PBXBuildFile; fileRef = 2C88F9652AF37711007B28F8 /* StreamMatchesViewModel.swift */; };
		2C88F9682AF37DC4007B28F8 /* MockDataService.swift in Sources */ = {isa = PBXBuildFile; fileRef = 2C88F9672AF37DC4007B28F8 /* MockDataService.swift */; };
		2C88F9702AF3861C007B28F8 /* TraceNBA_Tests.swift in Sources */ = {isa = PBXBuildFile; fileRef = 2C88F96F2AF3861C007B28F8 /* TraceNBA_Tests.swift */; };
		2C88F9772AF388B9007B28F8 /* StreamMatchesViewModel_Tests.swift in Sources */ = {isa = PBXBuildFile; fileRef = 2C88F9762AF388B9007B28F8 /* StreamMatchesViewModel_Tests.swift */; };
		2C88F9792AF396AB007B28F8 /* MockDataService_Tests.swift in Sources */ = {isa = PBXBuildFile; fileRef = 2C88F9782AF396AB007B28F8 /* MockDataService_Tests.swift */; };
		2C88F97D2AF40779007B28F8 /* GradientComponent.swift in Sources */ = {isa = PBXBuildFile; fileRef = 2C88F97C2AF40779007B28F8 /* GradientComponent.swift */; };
		2C88F97F2AF4099B007B28F8 /* LocalFileManager.swift in Sources */ = {isa = PBXBuildFile; fileRef = 2C88F97E2AF4099B007B28F8 /* LocalFileManager.swift */; };
		2C88F9812AF4B32E007B28F8 /* MatchItemViewComponent.swift in Sources */ = {isa = PBXBuildFile; fileRef = 2C88F9802AF4B32E007B28F8 /* MatchItemViewComponent.swift */; };
		2C88F9832AF4B653007B28F8 /* TypeEntity.swift in Sources */ = {isa = PBXBuildFile; fileRef = 2C88F9822AF4B653007B28F8 /* TypeEntity.swift */; };
		2C91416E2B00EAEF0020AFA0 /* HighlightModel.swift in Sources */ = {isa = PBXBuildFile; fileRef = 2C91416D2B00EAEF0020AFA0 /* HighlightModel.swift */; };
		2C9141702B00EC5B0020AFA0 /* FakeData.swift in Sources */ = {isa = PBXBuildFile; fileRef = 2C91416F2B00EC5B0020AFA0 /* FakeData.swift */; };
		2C9576E12AF686BD00BC7F75 /* TournamentModel.swift in Sources */ = {isa = PBXBuildFile; fileRef = 2C9576E02AF686BD00BC7F75 /* TournamentModel.swift */; };
		2C9576E52AF772AD00BC7F75 /* ChangingDateViewComponent.swift in Sources */ = {isa = PBXBuildFile; fileRef = 2C9576E42AF772AD00BC7F75 /* ChangingDateViewComponent.swift */; };
		2C9576E72AF7730900BC7F75 /* EventsView.swift in Sources */ = {isa = PBXBuildFile; fileRef = 2C9576E62AF7730900BC7F75 /* EventsView.swift */; };
		2C9576E92AF7735400BC7F75 /* EventsViewModel.swift in Sources */ = {isa = PBXBuildFile; fileRef = 2C9576E82AF7735400BC7F75 /* EventsViewModel.swift */; };
		2C9576EB2AF779D200BC7F75 /* NoDataViewComponent.swift in Sources */ = {isa = PBXBuildFile; fileRef = 2C9576EA2AF779D200BC7F75 /* NoDataViewComponent.swift */; };
		2C9576ED2AF77A1000BC7F75 /* NoDataMessage.swift in Sources */ = {isa = PBXBuildFile; fileRef = 2C9576EC2AF77A1000BC7F75 /* NoDataMessage.swift */; };
		2C9576F32AF782BB00BC7F75 /* TypeTime.swift in Sources */ = {isa = PBXBuildFile; fileRef = 2C9576F22AF782BB00BC7F75 /* TypeTime.swift */; };
		2C9576F72AF79B0000BC7F75 /* PlugRectangleViewComponent.swift in Sources */ = {isa = PBXBuildFile; fileRef = 2C9576F62AF79B0000BC7F75 /* PlugRectangleViewComponent.swift */; };
		2C9576F92AF7E65C00BC7F75 /* EventsViewModel_Tests.swift in Sources */ = {isa = PBXBuildFile; fileRef = 2C9576F82AF7E65C00BC7F75 /* EventsViewModel_Tests.swift */; };
		2C9B805D2B04996E00F98BA2 /* TypeIncidentClass.swift in Sources */ = {isa = PBXBuildFile; fileRef = 2C9B805C2B04996E00F98BA2 /* TypeIncidentClass.swift */; };
		2C9B805F2B049A0F00F98BA2 /* IncidentType.swift in Sources */ = {isa = PBXBuildFile; fileRef = 2C9B805E2B049A0F00F98BA2 /* IncidentType.swift */; };
		2C9B80612B049A6700F98BA2 /* IncidentModel.swift in Sources */ = {isa = PBXBuildFile; fileRef = 2C9B80602B049A6700F98BA2 /* IncidentModel.swift */; };
		2C9B80632B04ACE600F98BA2 /* VStackMaxHeight.swift in Sources */ = {isa = PBXBuildFile; fileRef = 2C9B80622B04ACE600F98BA2 /* VStackMaxHeight.swift */; };
		2C9B80652B04AF1400F98BA2 /* IncidentItemViewComponent.swift in Sources */ = {isa = PBXBuildFile; fileRef = 2C9B80642B04AF1400F98BA2 /* IncidentItemViewComponent.swift */; };
		2CB2D8D12B08D6770072A216 /* PlayerStatisticsDataModel.swift in Sources */ = {isa = PBXBuildFile; fileRef = 2CB2D8D02B08D6770072A216 /* PlayerStatisticsDataModel.swift */; };
		2CB2D8D32B09DE720072A216 /* PickerSeasonPlayerViewComponent.swift in Sources */ = {isa = PBXBuildFile; fileRef = 2CB2D8D22B09DE720072A216 /* PickerSeasonPlayerViewComponent.swift */; };
		2CB2D8D52B09EE950072A216 /* StatisticsPlayerViewComponent.swift in Sources */ = {isa = PBXBuildFile; fileRef = 2CB2D8D42B09EE950072A216 /* StatisticsPlayerViewComponent.swift */; };
		2CB2D8D72B0A418B0072A216 /* TypeNearMatch.swift in Sources */ = {isa = PBXBuildFile; fileRef = 2CB2D8D62B0A418B0072A216 /* TypeNearMatch.swift */; };
		2CB2D8DB2B0A556B0072A216 /* TransferModel.swift in Sources */ = {isa = PBXBuildFile; fileRef = 2CB2D8DA2B0A556B0072A216 /* TransferModel.swift */; };
		2CB2D8DD2B0A5BFF0072A216 /* TransferItemViewComponent.swift in Sources */ = {isa = PBXBuildFile; fileRef = 2CB2D8DC2B0A5BFF0072A216 /* TransferItemViewComponent.swift */; };
		2CC1715B2B088DA400235890 /* Color.swift in Sources */ = {isa = PBXBuildFile; fileRef = 2CC1715A2B088DA400235890 /* Color.swift */; };
		2CC1715D2B08900400235890 /* SeasonModel.swift in Sources */ = {isa = PBXBuildFile; fileRef = 2CC1715C2B08900400235890 /* SeasonModel.swift */; };
		2CC1715F2B0890AC00235890 /* UniqueTournamentSeasonsItem.swift in Sources */ = {isa = PBXBuildFile; fileRef = 2CC1715E2B0890AC00235890 /* UniqueTournamentSeasonsItem.swift */; };
		2CC2E2142B02622B000A0CF9 /* PlayerStatisticsView.swift in Sources */ = {isa = PBXBuildFile; fileRef = 2CC2E2132B02622B000A0CF9 /* PlayerStatisticsView.swift */; };
		2CC2E2162B026F04000A0CF9 /* PlayerStatisticsView+Components.swift in Sources */ = {isa = PBXBuildFile; fileRef = 2CC2E2152B026F04000A0CF9 /* PlayerStatisticsView+Components.swift */; };
		2CC2E2192B0332EB000A0CF9 /* ScrollViewOffsetPreferenceKey.swift in Sources */ = {isa = PBXBuildFile; fileRef = 2CC2E2182B0332EB000A0CF9 /* ScrollViewOffsetPreferenceKey.swift */; };
		2CC2E21B2B0333AA000A0CF9 /* View.swift in Sources */ = {isa = PBXBuildFile; fileRef = 2CC2E21A2B0333AA000A0CF9 /* View.swift */; };
		2CC2E21D2B0349C1000A0CF9 /* UINavigationController.swift in Sources */ = {isa = PBXBuildFile; fileRef = 2CC2E21C2B0349C1000A0CF9 /* UINavigationController.swift */; };
		2CDFB1572B07BD3D009BA1C1 /* TypeEntityPlayer.swift in Sources */ = {isa = PBXBuildFile; fileRef = 2CDFB1562B07BD3D009BA1C1 /* TypeEntityPlayer.swift */; };
		2CDFB1592B07BE82009BA1C1 /* PickerTypeEntityPlayerViewComponent.swift in Sources */ = {isa = PBXBuildFile; fileRef = 2CDFB1582B07BE82009BA1C1 /* PickerTypeEntityPlayerViewComponent.swift */; };
		2CDFB15B2B07D50F009BA1C1 /* TitlePlayerViewComponent.swift in Sources */ = {isa = PBXBuildFile; fileRef = 2CDFB15A2B07D50F009BA1C1 /* TitlePlayerViewComponent.swift */; };
		2CE10D1B2B0730B5003B6C81 /* PlayerProfileView.swift in Sources */ = {isa = PBXBuildFile; fileRef = 2CE10D1A2B0730B5003B6C81 /* PlayerProfileView.swift */; };
		2CE10D1D2B07323C003B6C81 /* PlayerProfileView+Toolbar.swift in Sources */ = {isa = PBXBuildFile; fileRef = 2CE10D1C2B07323C003B6C81 /* PlayerProfileView+Toolbar.swift */; };
		2CE10D1F2B07329C003B6C81 /* PlayerProfileView+Components.swift in Sources */ = {isa = PBXBuildFile; fileRef = 2CE10D1E2B07329C003B6C81 /* PlayerProfileView+Components.swift */; };
		2CE10D212B073B83003B6C81 /* PlayerProfileViewModel.swift in Sources */ = {isa = PBXBuildFile; fileRef = 2CE10D202B073B83003B6C81 /* PlayerProfileViewModel.swift */; };
		2CE10D232B075A27003B6C81 /* PlayerProfileView+Content.swift in Sources */ = {isa = PBXBuildFile; fileRef = 2CE10D222B075A27003B6C81 /* PlayerProfileView+Content.swift */; };
/* End PBXBuildFile section */

/* Begin PBXContainerItemProxy section */
		2C88F9712AF3861C007B28F8 /* PBXContainerItemProxy */ = {
			isa = PBXContainerItemProxy;
			containerPortal = 2C4D69222AF28F9F00CF5A55 /* Project object */;
			proxyType = 1;
			remoteGlobalIDString = 2C4D69292AF28F9F00CF5A55;
			remoteInfo = TraceNBA;
		};
/* End PBXContainerItemProxy section */

/* Begin PBXFileReference section */
		2C0DBF1A2AFB4EA3002DE51B /* StatisticsMatchView.swift */ = {isa = PBXFileReference; lastKnownFileType = sourcecode.swift; path = StatisticsMatchView.swift; sourceTree = "<group>"; };
		2C0DBF1C2AFB4EE2002DE51B /* StatisticsMatchViewModel.swift */ = {isa = PBXFileReference; lastKnownFileType = sourcecode.swift; path = StatisticsMatchViewModel.swift; sourceTree = "<group>"; };
		2C0DBF242AFBCA90002DE51B /* MatchViewComponent.swift */ = {isa = PBXFileReference; lastKnownFileType = sourcecode.swift; path = MatchViewComponent.swift; sourceTree = "<group>"; };
		2C0DBF262AFBDB39002DE51B /* PickerStatisticsViewComponent.swift */ = {isa = PBXFileReference; lastKnownFileType = sourcecode.swift; path = PickerStatisticsViewComponent.swift; sourceTree = "<group>"; };
		2C0DBF282AFBE0DD002DE51B /* ScoreTableViewComponent.swift */ = {isa = PBXFileReference; lastKnownFileType = sourcecode.swift; path = ScoreTableViewComponent.swift; sourceTree = "<group>"; };
		2C0DBF2A2AFD1B26002DE51B /* ProgressCircleViewComponent.swift */ = {isa = PBXFileReference; lastKnownFileType = sourcecode.swift; path = ProgressCircleViewComponent.swift; sourceTree = "<group>"; };
		2C0DBF2C2AFD322F002DE51B /* PeriodPickerViewComponent.swift */ = {isa = PBXFileReference; lastKnownFileType = sourcecode.swift; path = PeriodPickerViewComponent.swift; sourceTree = "<group>"; };
		2C0DBF322AFDD4BD002DE51B /* StatisticsMatchView+Content.swift */ = {isa = PBXFileReference; lastKnownFileType = sourcecode.swift; path = "StatisticsMatchView+Content.swift"; sourceTree = "<group>"; };
		2C0DBF342AFDD5B3002DE51B /* StatisticsMatchView+Components.swift */ = {isa = PBXFileReference; lastKnownFileType = sourcecode.swift; path = "StatisticsMatchView+Components.swift"; sourceTree = "<group>"; };
		2C0DBF382AFF3AC4002DE51B /* NumberCircleViewComponent.swift */ = {isa = PBXFileReference; lastKnownFileType = sourcecode.swift; path = NumberCircleViewComponent.swift; sourceTree = "<group>"; };
		2C0DBF3A2AFF40FF002DE51B /* StatisticsItemViewComponent.swift */ = {isa = PBXFileReference; lastKnownFileType = sourcecode.swift; path = StatisticsItemViewComponent.swift; sourceTree = "<group>"; };
		2C0DBF3C2AFF4590002DE51B /* ListGroupStatisticsViewComponent.swift */ = {isa = PBXFileReference; lastKnownFileType = sourcecode.swift; path = ListGroupStatisticsViewComponent.swift; sourceTree = "<group>"; };
		2C0DBF3E2AFFA73C002DE51B /* LineupsDataModel.swift */ = {isa = PBXFileReference; lastKnownFileType = sourcecode.swift; path = LineupsDataModel.swift; sourceTree = "<group>"; };
		2C0DBF402AFFA786002DE51B /* LineupsItemModel.swift */ = {isa = PBXFileReference; lastKnownFileType = sourcecode.swift; path = LineupsItemModel.swift; sourceTree = "<group>"; };
		2C0DBF422AFFA870002DE51B /* LineupsItemPlayerModel.swift */ = {isa = PBXFileReference; lastKnownFileType = sourcecode.swift; path = LineupsItemPlayerModel.swift; sourceTree = "<group>"; };
		2C0DBF452AFFA8D8002DE51B /* LineupsItemMissingPlayerModel.swift */ = {isa = PBXFileReference; lastKnownFileType = sourcecode.swift; path = LineupsItemMissingPlayerModel.swift; sourceTree = "<group>"; };
		2C0DBF472AFFA943002DE51B /* PlayerStatisticsModel.swift */ = {isa = PBXFileReference; lastKnownFileType = sourcecode.swift; path = PlayerStatisticsModel.swift; sourceTree = "<group>"; };
		2C0DBF492AFFAB64002DE51B /* TypeStatisticsView.swift */ = {isa = PBXFileReference; lastKnownFileType = sourcecode.swift; path = TypeStatisticsView.swift; sourceTree = "<group>"; };
		2C0DBF4B2B009242002DE51B /* CountryModel.swift */ = {isa = PBXFileReference; lastKnownFileType = sourcecode.swift; path = CountryModel.swift; sourceTree = "<group>"; };
		2C0DBF4D2B00A4B3002DE51B /* LineupsPlayerTableViewComponent.swift */ = {isa = PBXFileReference; lastKnownFileType = sourcecode.swift; path = LineupsPlayerTableViewComponent.swift; sourceTree = "<group>"; };
		2C0DBF4F2B00BDE7002DE51B /* TypeTopTableItem.swift */ = {isa = PBXFileReference; lastKnownFileType = sourcecode.swift; path = TypeTopTableItem.swift; sourceTree = "<group>"; };
		2C0DBF532B00BE94002DE51B /* Int.swift */ = {isa = PBXFileReference; lastKnownFileType = sourcecode.swift; path = Int.swift; sourceTree = "<group>"; };
		2C0DBF552B00C291002DE51B /* ImageViewComponent.swift */ = {isa = PBXFileReference; lastKnownFileType = sourcecode.swift; path = ImageViewComponent.swift; sourceTree = "<group>"; };
		2C0DBF572B00C30C002DE51B /* ImageViewComponetViewModel.swift */ = {isa = PBXFileReference; lastKnownFileType = sourcecode.swift; path = ImageViewComponetViewModel.swift; sourceTree = "<group>"; };
		2C0DBF592B00C559002DE51B /* PickerTeamViewComponent.swift */ = {isa = PBXFileReference; lastKnownFileType = sourcecode.swift; path = PickerTeamViewComponent.swift; sourceTree = "<group>"; };
		2C0DBF5B2B00CDB2002DE51B /* TypeShowTeam.swift */ = {isa = PBXFileReference; lastKnownFileType = sourcecode.swift; path = TypeShowTeam.swift; sourceTree = "<group>"; };
		2C13BADB2B0123EF00554FF8 /* HighlightsItemViewComponent.swift */ = {isa = PBXFileReference; lastKnownFileType = sourcecode.swift; path = HighlightsItemViewComponent.swift; sourceTree = "<group>"; };
		2C13BADD2B01343100554FF8 /* HighlightsImageViewComponent.swift */ = {isa = PBXFileReference; lastKnownFileType = sourcecode.swift; path = HighlightsImageViewComponent.swift; sourceTree = "<group>"; };
		2C3095F72B0B8DE100350AB9 /* TeamProfileView.swift */ = {isa = PBXFileReference; lastKnownFileType = sourcecode.swift; path = TeamProfileView.swift; sourceTree = "<group>"; };
		2C3095F92B0B8E4C00350AB9 /* TeamProfileViewModel.swift */ = {isa = PBXFileReference; lastKnownFileType = sourcecode.swift; path = TeamProfileViewModel.swift; sourceTree = "<group>"; };
		2C3095FB2B0B8F5800350AB9 /* VenueModel.swift */ = {isa = PBXFileReference; lastKnownFileType = sourcecode.swift; path = VenueModel.swift; sourceTree = "<group>"; };
		2C3D5F592AF953820066790A /* StatisticsMatchModel.swift */ = {isa = PBXFileReference; lastKnownFileType = sourcecode.swift; path = StatisticsMatchModel.swift; sourceTree = "<group>"; };
		2C3D5F5D2AF9563F0066790A /* GroupModel.swift */ = {isa = PBXFileReference; lastKnownFileType = sourcecode.swift; path = GroupModel.swift; sourceTree = "<group>"; };
		2C3D5F5F2AF956620066790A /* PeriodType.swift */ = {isa = PBXFileReference; lastKnownFileType = sourcecode.swift; path = PeriodType.swift; sourceTree = "<group>"; };
		2C3D5F612AF9568B0066790A /* GroupNameType.swift */ = {isa = PBXFileReference; lastKnownFileType = sourcecode.swift; path = GroupNameType.swift; sourceTree = "<group>"; };
		2C3D5F652AF958450066790A /* NameStatisticsItemType.swift */ = {isa = PBXFileReference; lastKnownFileType = sourcecode.swift; path = NameStatisticsItemType.swift; sourceTree = "<group>"; };
		2C3D5F672AF958640066790A /* StatisticsItemModel.swift */ = {isa = PBXFileReference; lastKnownFileType = sourcecode.swift; path = StatisticsItemModel.swift; sourceTree = "<group>"; };
		2C3D5F6B2AF95AA10066790A /* ValueType.swift */ = {isa = PBXFileReference; lastKnownFileType = sourcecode.swift; path = ValueType.swift; sourceTree = "<group>"; };
		2C4D692A2AF28F9F00CF5A55 /* TraceNBA.app */ = {isa = PBXFileReference; explicitFileType = wrapper.application; includeInIndex = 0; path = TraceNBA.app; sourceTree = BUILT_PRODUCTS_DIR; };
		2C4D692D2AF28F9F00CF5A55 /* TraceNBAApp.swift */ = {isa = PBXFileReference; lastKnownFileType = sourcecode.swift; path = TraceNBAApp.swift; sourceTree = "<group>"; };
		2C4D69312AF28FA000CF5A55 /* Assets.xcassets */ = {isa = PBXFileReference; lastKnownFileType = folder.assetcatalog; path = Assets.xcassets; sourceTree = "<group>"; };
		2C4D69342AF28FA000CF5A55 /* Preview Assets.xcassets */ = {isa = PBXFileReference; lastKnownFileType = folder.assetcatalog; path = "Preview Assets.xcassets"; sourceTree = "<group>"; };
		2C4D69582AF2A70C00CF5A55 /* TabBarView.swift */ = {isa = PBXFileReference; lastKnownFileType = sourcecode.swift; path = TabBarView.swift; sourceTree = "<group>"; };
		2C621D102B034DE0004E0E79 /* PlayerStatisticsView+Toolbar.swift */ = {isa = PBXFileReference; lastKnownFileType = sourcecode.swift; path = "PlayerStatisticsView+Toolbar.swift"; sourceTree = "<group>"; };
		2C88F93E2AF358CA007B28F8 /* MatchModel.swift */ = {isa = PBXFileReference; lastKnownFileType = sourcecode.swift; path = MatchModel.swift; sourceTree = "<group>"; };
		2C88F9402AF35973007B28F8 /* TeamModel.swift */ = {isa = PBXFileReference; lastKnownFileType = sourcecode.swift; path = TeamModel.swift; sourceTree = "<group>"; };
		2C88F9422AF359DC007B28F8 /* ScoreModel.swift */ = {isa = PBXFileReference; lastKnownFileType = sourcecode.swift; path = ScoreModel.swift; sourceTree = "<group>"; };
		2C88F9442AF35A4D007B28F8 /* DataModel.swift */ = {isa = PBXFileReference; lastKnownFileType = sourcecode.swift; path = DataModel.swift; sourceTree = "<group>"; };
		2C88F9462AF35BF3007B28F8 /* ManagerModel.swift */ = {isa = PBXFileReference; lastKnownFileType = sourcecode.swift; path = ManagerModel.swift; sourceTree = "<group>"; };
		2C88F9482AF35CA6007B28F8 /* PlayerModel.swift */ = {isa = PBXFileReference; lastKnownFileType = sourcecode.swift; path = PlayerModel.swift; sourceTree = "<group>"; };
		2C88F94A2AF35F20007B28F8 /* Constants.swift */ = {isa = PBXFileReference; lastKnownFileType = sourcecode.swift; path = Constants.swift; sourceTree = "<group>"; };
		2C88F94D2AF360EF007B28F8 /* DataService.swift */ = {isa = PBXFileReference; lastKnownFileType = sourcecode.swift; path = DataService.swift; sourceTree = "<group>"; };
		2C88F94F2AF362AF007B28F8 /* Errors.swift */ = {isa = PBXFileReference; lastKnownFileType = sourcecode.swift; path = Errors.swift; sourceTree = "<group>"; };
		2C88F9542AF368D3007B28F8 /* DataServiceProtocol.swift */ = {isa = PBXFileReference; lastKnownFileType = sourcecode.swift; path = DataServiceProtocol.swift; sourceTree = "<group>"; };
		2C88F95C2AF36D4A007B28F8 /* StreamMatchesView.swift */ = {isa = PBXFileReference; lastKnownFileType = sourcecode.swift; path = StreamMatchesView.swift; sourceTree = "<group>"; };
		2C88F9612AF372F5007B28F8 /* LiveComponent.swift */ = {isa = PBXFileReference; lastKnownFileType = sourcecode.swift; path = LiveComponent.swift; sourceTree = "<group>"; };
		2C88F9652AF37711007B28F8 /* StreamMatchesViewModel.swift */ = {isa = PBXFileReference; lastKnownFileType = sourcecode.swift; path = StreamMatchesViewModel.swift; sourceTree = "<group>"; };
		2C88F9672AF37DC4007B28F8 /* MockDataService.swift */ = {isa = PBXFileReference; lastKnownFileType = sourcecode.swift; path = MockDataService.swift; sourceTree = "<group>"; };
		2C88F96D2AF3861C007B28F8 /* TraceNBA_Tests.xctest */ = {isa = PBXFileReference; explicitFileType = wrapper.cfbundle; includeInIndex = 0; path = TraceNBA_Tests.xctest; sourceTree = BUILT_PRODUCTS_DIR; };
		2C88F96F2AF3861C007B28F8 /* TraceNBA_Tests.swift */ = {isa = PBXFileReference; lastKnownFileType = sourcecode.swift; path = TraceNBA_Tests.swift; sourceTree = "<group>"; };
		2C88F9762AF388B9007B28F8 /* StreamMatchesViewModel_Tests.swift */ = {isa = PBXFileReference; lastKnownFileType = sourcecode.swift; path = StreamMatchesViewModel_Tests.swift; sourceTree = "<group>"; };
		2C88F9782AF396AB007B28F8 /* MockDataService_Tests.swift */ = {isa = PBXFileReference; lastKnownFileType = sourcecode.swift; path = MockDataService_Tests.swift; sourceTree = "<group>"; };
		2C88F97C2AF40779007B28F8 /* GradientComponent.swift */ = {isa = PBXFileReference; lastKnownFileType = sourcecode.swift; path = GradientComponent.swift; sourceTree = "<group>"; };
		2C88F97E2AF4099B007B28F8 /* LocalFileManager.swift */ = {isa = PBXFileReference; lastKnownFileType = sourcecode.swift; path = LocalFileManager.swift; sourceTree = "<group>"; };
		2C88F9802AF4B32E007B28F8 /* MatchItemViewComponent.swift */ = {isa = PBXFileReference; lastKnownFileType = sourcecode.swift; path = MatchItemViewComponent.swift; sourceTree = "<group>"; };
		2C88F9822AF4B653007B28F8 /* TypeEntity.swift */ = {isa = PBXFileReference; lastKnownFileType = sourcecode.swift; path = TypeEntity.swift; sourceTree = "<group>"; };
		2C91416D2B00EAEF0020AFA0 /* HighlightModel.swift */ = {isa = PBXFileReference; lastKnownFileType = sourcecode.swift; path = HighlightModel.swift; sourceTree = "<group>"; };
		2C91416F2B00EC5B0020AFA0 /* FakeData.swift */ = {isa = PBXFileReference; lastKnownFileType = sourcecode.swift; path = FakeData.swift; sourceTree = "<group>"; };
		2C9576E02AF686BD00BC7F75 /* TournamentModel.swift */ = {isa = PBXFileReference; lastKnownFileType = sourcecode.swift; path = TournamentModel.swift; sourceTree = "<group>"; };
		2C9576E42AF772AD00BC7F75 /* ChangingDateViewComponent.swift */ = {isa = PBXFileReference; lastKnownFileType = sourcecode.swift; path = ChangingDateViewComponent.swift; sourceTree = "<group>"; };
		2C9576E62AF7730900BC7F75 /* EventsView.swift */ = {isa = PBXFileReference; lastKnownFileType = sourcecode.swift; path = EventsView.swift; sourceTree = "<group>"; };
		2C9576E82AF7735400BC7F75 /* EventsViewModel.swift */ = {isa = PBXFileReference; lastKnownFileType = sourcecode.swift; path = EventsViewModel.swift; sourceTree = "<group>"; };
		2C9576EA2AF779D200BC7F75 /* NoDataViewComponent.swift */ = {isa = PBXFileReference; lastKnownFileType = sourcecode.swift; path = NoDataViewComponent.swift; sourceTree = "<group>"; };
		2C9576EC2AF77A1000BC7F75 /* NoDataMessage.swift */ = {isa = PBXFileReference; lastKnownFileType = sourcecode.swift; path = NoDataMessage.swift; sourceTree = "<group>"; };
		2C9576F22AF782BB00BC7F75 /* TypeTime.swift */ = {isa = PBXFileReference; lastKnownFileType = sourcecode.swift; path = TypeTime.swift; sourceTree = "<group>"; };
		2C9576F62AF79B0000BC7F75 /* PlugRectangleViewComponent.swift */ = {isa = PBXFileReference; lastKnownFileType = sourcecode.swift; path = PlugRectangleViewComponent.swift; sourceTree = "<group>"; };
		2C9576F82AF7E65C00BC7F75 /* EventsViewModel_Tests.swift */ = {isa = PBXFileReference; lastKnownFileType = sourcecode.swift; path = EventsViewModel_Tests.swift; sourceTree = "<group>"; };
		2C9B805C2B04996E00F98BA2 /* TypeIncidentClass.swift */ = {isa = PBXFileReference; lastKnownFileType = sourcecode.swift; path = TypeIncidentClass.swift; sourceTree = "<group>"; };
		2C9B805E2B049A0F00F98BA2 /* IncidentType.swift */ = {isa = PBXFileReference; lastKnownFileType = sourcecode.swift; path = IncidentType.swift; sourceTree = "<group>"; };
		2C9B80602B049A6700F98BA2 /* IncidentModel.swift */ = {isa = PBXFileReference; lastKnownFileType = sourcecode.swift; path = IncidentModel.swift; sourceTree = "<group>"; };
		2C9B80622B04ACE600F98BA2 /* VStackMaxHeight.swift */ = {isa = PBXFileReference; lastKnownFileType = sourcecode.swift; path = VStackMaxHeight.swift; sourceTree = "<group>"; };
		2C9B80642B04AF1400F98BA2 /* IncidentItemViewComponent.swift */ = {isa = PBXFileReference; lastKnownFileType = sourcecode.swift; path = IncidentItemViewComponent.swift; sourceTree = "<group>"; };
		2CB2D8D02B08D6770072A216 /* PlayerStatisticsDataModel.swift */ = {isa = PBXFileReference; lastKnownFileType = sourcecode.swift; path = PlayerStatisticsDataModel.swift; sourceTree = "<group>"; };
		2CB2D8D22B09DE720072A216 /* PickerSeasonPlayerViewComponent.swift */ = {isa = PBXFileReference; lastKnownFileType = sourcecode.swift; path = PickerSeasonPlayerViewComponent.swift; sourceTree = "<group>"; };
		2CB2D8D42B09EE950072A216 /* StatisticsPlayerViewComponent.swift */ = {isa = PBXFileReference; lastKnownFileType = sourcecode.swift; path = StatisticsPlayerViewComponent.swift; sourceTree = "<group>"; };
		2CB2D8D62B0A418B0072A216 /* TypeNearMatch.swift */ = {isa = PBXFileReference; lastKnownFileType = sourcecode.swift; path = TypeNearMatch.swift; sourceTree = "<group>"; };
		2CB2D8DA2B0A556B0072A216 /* TransferModel.swift */ = {isa = PBXFileReference; lastKnownFileType = sourcecode.swift; path = TransferModel.swift; sourceTree = "<group>"; };
		2CB2D8DC2B0A5BFF0072A216 /* TransferItemViewComponent.swift */ = {isa = PBXFileReference; lastKnownFileType = sourcecode.swift; path = TransferItemViewComponent.swift; sourceTree = "<group>"; };
		2CC1715A2B088DA400235890 /* Color.swift */ = {isa = PBXFileReference; lastKnownFileType = sourcecode.swift; path = Color.swift; sourceTree = "<group>"; };
		2CC1715C2B08900400235890 /* SeasonModel.swift */ = {isa = PBXFileReference; lastKnownFileType = sourcecode.swift; path = SeasonModel.swift; sourceTree = "<group>"; };
		2CC1715E2B0890AC00235890 /* UniqueTournamentSeasonsItem.swift */ = {isa = PBXFileReference; lastKnownFileType = sourcecode.swift; path = UniqueTournamentSeasonsItem.swift; sourceTree = "<group>"; };
		2CC2E2132B02622B000A0CF9 /* PlayerStatisticsView.swift */ = {isa = PBXFileReference; lastKnownFileType = sourcecode.swift; path = PlayerStatisticsView.swift; sourceTree = "<group>"; };
		2CC2E2152B026F04000A0CF9 /* PlayerStatisticsView+Components.swift */ = {isa = PBXFileReference; lastKnownFileType = sourcecode.swift; path = "PlayerStatisticsView+Components.swift"; sourceTree = "<group>"; };
		2CC2E2182B0332EB000A0CF9 /* ScrollViewOffsetPreferenceKey.swift */ = {isa = PBXFileReference; lastKnownFileType = sourcecode.swift; path = ScrollViewOffsetPreferenceKey.swift; sourceTree = "<group>"; };
		2CC2E21A2B0333AA000A0CF9 /* View.swift */ = {isa = PBXFileReference; lastKnownFileType = sourcecode.swift; path = View.swift; sourceTree = "<group>"; };
		2CC2E21C2B0349C1000A0CF9 /* UINavigationController.swift */ = {isa = PBXFileReference; lastKnownFileType = sourcecode.swift; path = UINavigationController.swift; sourceTree = "<group>"; };
		2CDFB1562B07BD3D009BA1C1 /* TypeEntityPlayer.swift */ = {isa = PBXFileReference; lastKnownFileType = sourcecode.swift; path = TypeEntityPlayer.swift; sourceTree = "<group>"; };
		2CDFB1582B07BE82009BA1C1 /* PickerTypeEntityPlayerViewComponent.swift */ = {isa = PBXFileReference; lastKnownFileType = sourcecode.swift; path = PickerTypeEntityPlayerViewComponent.swift; sourceTree = "<group>"; };
		2CDFB15A2B07D50F009BA1C1 /* TitlePlayerViewComponent.swift */ = {isa = PBXFileReference; lastKnownFileType = sourcecode.swift; path = TitlePlayerViewComponent.swift; sourceTree = "<group>"; };
		2CE10D1A2B0730B5003B6C81 /* PlayerProfileView.swift */ = {isa = PBXFileReference; lastKnownFileType = sourcecode.swift; path = PlayerProfileView.swift; sourceTree = "<group>"; };
		2CE10D1C2B07323C003B6C81 /* PlayerProfileView+Toolbar.swift */ = {isa = PBXFileReference; lastKnownFileType = sourcecode.swift; path = "PlayerProfileView+Toolbar.swift"; sourceTree = "<group>"; };
		2CE10D1E2B07329C003B6C81 /* PlayerProfileView+Components.swift */ = {isa = PBXFileReference; lastKnownFileType = sourcecode.swift; path = "PlayerProfileView+Components.swift"; sourceTree = "<group>"; };
		2CE10D202B073B83003B6C81 /* PlayerProfileViewModel.swift */ = {isa = PBXFileReference; lastKnownFileType = sourcecode.swift; path = PlayerProfileViewModel.swift; sourceTree = "<group>"; };
		2CE10D222B075A27003B6C81 /* PlayerProfileView+Content.swift */ = {isa = PBXFileReference; lastKnownFileType = sourcecode.swift; path = "PlayerProfileView+Content.swift"; sourceTree = "<group>"; };
/* End PBXFileReference section */

/* Begin PBXFrameworksBuildPhase section */
		2C4D69272AF28F9F00CF5A55 /* Frameworks */ = {
			isa = PBXFrameworksBuildPhase;
			buildActionMask = 2147483647;
			files = (
			);
			runOnlyForDeploymentPostprocessing = 0;
		};
		2C88F96A2AF3861C007B28F8 /* Frameworks */ = {
			isa = PBXFrameworksBuildPhase;
			buildActionMask = 2147483647;
			files = (
			);
			runOnlyForDeploymentPostprocessing = 0;
		};
/* End PBXFrameworksBuildPhase section */

/* Begin PBXGroup section */
		2C0DBF1E2AFBAD48002DE51B /* EventsViewComponents */ = {
			isa = PBXGroup;
			children = (
				2C88F9802AF4B32E007B28F8 /* MatchItemViewComponent.swift */,
				2C9576E42AF772AD00BC7F75 /* ChangingDateViewComponent.swift */,
			);
			path = EventsViewComponents;
			sourceTree = "<group>";
		};
		2C0DBF1F2AFBAD55002DE51B /* StreamMatchesViewComponents */ = {
			isa = PBXGroup;
			children = (
				2C88F9612AF372F5007B28F8 /* LiveComponent.swift */,
			);
			path = StreamMatchesViewComponents;
			sourceTree = "<group>";
		};
		2C0DBF202AFBAD60002DE51B /* UniversalComponents */ = {
			isa = PBXGroup;
			children = (
				2C13BADB2B0123EF00554FF8 /* HighlightsItemViewComponent.swift */,
				2C9576F62AF79B0000BC7F75 /* PlugRectangleViewComponent.swift */,
				2C88F97C2AF40779007B28F8 /* GradientComponent.swift */,
				2C9576EA2AF779D200BC7F75 /* NoDataViewComponent.swift */,
				2C0DBF552B00C291002DE51B /* ImageViewComponent.swift */,
				2C9B80622B04ACE600F98BA2 /* VStackMaxHeight.swift */,
			);
			path = UniversalComponents;
			sourceTree = "<group>";
		};
		2C0DBF212AFBB061002DE51B /* StatisticsMatchViewComponents */ = {
			isa = PBXGroup;
			children = (
				2C0DBF242AFBCA90002DE51B /* MatchViewComponent.swift */,
				2C0DBF262AFBDB39002DE51B /* PickerStatisticsViewComponent.swift */,
				2C0DBF2A2AFD1B26002DE51B /* ProgressCircleViewComponent.swift */,
				2C9B80642B04AF1400F98BA2 /* IncidentItemViewComponent.swift */,
				2C0DBF282AFBE0DD002DE51B /* ScoreTableViewComponent.swift */,
				2C0DBF2C2AFD322F002DE51B /* PeriodPickerViewComponent.swift */,
				2C13BADD2B01343100554FF8 /* HighlightsImageViewComponent.swift */,
				2C0DBF382AFF3AC4002DE51B /* NumberCircleViewComponent.swift */,
				2C0DBF3A2AFF40FF002DE51B /* StatisticsItemViewComponent.swift */,
				2C0DBF3C2AFF4590002DE51B /* ListGroupStatisticsViewComponent.swift */,
				2C0DBF4D2B00A4B3002DE51B /* LineupsPlayerTableViewComponent.swift */,
				2C0DBF592B00C559002DE51B /* PickerTeamViewComponent.swift */,
			);
			path = StatisticsMatchViewComponents;
			sourceTree = "<group>";
		};
		2C0DBF312AFDD4AA002DE51B /* StatisticsMatchView */ = {
			isa = PBXGroup;
			children = (
				2C0DBF1A2AFB4EA3002DE51B /* StatisticsMatchView.swift */,
				2C0DBF322AFDD4BD002DE51B /* StatisticsMatchView+Content.swift */,
				2C0DBF342AFDD5B3002DE51B /* StatisticsMatchView+Components.swift */,
			);
			path = StatisticsMatchView;
			sourceTree = "<group>";
		};
		2C0DBF362AFDE500002DE51B /* EventsView */ = {
			isa = PBXGroup;
			children = (
				2C9576E62AF7730900BC7F75 /* EventsView.swift */,
			);
			path = EventsView;
			sourceTree = "<group>";
		};
		2C0DBF372AFDE50A002DE51B /* StreamMatchesView */ = {
			isa = PBXGroup;
			children = (
				2C88F95C2AF36D4A007B28F8 /* StreamMatchesView.swift */,
			);
			path = StreamMatchesView;
			sourceTree = "<group>";
		};
		2C0DBF442AFFA87F002DE51B /* LineupsModels */ = {
			isa = PBXGroup;
			children = (
				2C0DBF3E2AFFA73C002DE51B /* LineupsDataModel.swift */,
				2C0DBF422AFFA870002DE51B /* LineupsItemPlayerModel.swift */,
				2C0DBF402AFFA786002DE51B /* LineupsItemModel.swift */,
				2C0DBF452AFFA8D8002DE51B /* LineupsItemMissingPlayerModel.swift */,
			);
			path = LineupsModels;
			sourceTree = "<group>";
		};
		2C0DBF522B00BE2B002DE51B /* Extensions */ = {
			isa = PBXGroup;
			children = (
				2C0DBF532B00BE94002DE51B /* Int.swift */,
				2CC2E21C2B0349C1000A0CF9 /* UINavigationController.swift */,
				2CC2E21A2B0333AA000A0CF9 /* View.swift */,
				2CC1715A2B088DA400235890 /* Color.swift */,
			);
			path = Extensions;
			sourceTree = "<group>";
		};
		2C3095F62B0B8DD100350AB9 /* TeamProfileView */ = {
			isa = PBXGroup;
			children = (
				2C3095F72B0B8DE100350AB9 /* TeamProfileView.swift */,
			);
			path = TeamProfileView;
			sourceTree = "<group>";
		};
		2C3095FD2B0C617A00350AB9 /* TeamProfileViewComponents */ = {
			isa = PBXGroup;
			children = (
			);
			path = TeamProfileViewComponents;
			sourceTree = "<group>";
		};
		2C4D69212AF28F9F00CF5A55 = {
			isa = PBXGroup;
			children = (
				2C4D692C2AF28F9F00CF5A55 /* TraceNBA */,
				2C88F96E2AF3861C007B28F8 /* TraceNBA_Tests */,
				2C4D692B2AF28F9F00CF5A55 /* Products */,
			);
			sourceTree = "<group>";
		};
		2C4D692B2AF28F9F00CF5A55 /* Products */ = {
			isa = PBXGroup;
			children = (
				2C4D692A2AF28F9F00CF5A55 /* TraceNBA.app */,
				2C88F96D2AF3861C007B28F8 /* TraceNBA_Tests.xctest */,
			);
			name = Products;
			sourceTree = "<group>";
		};
		2C4D692C2AF28F9F00CF5A55 /* TraceNBA */ = {
			isa = PBXGroup;
			children = (
				2C4D692D2AF28F9F00CF5A55 /* TraceNBAApp.swift */,
				2C4D69582AF2A70C00CF5A55 /* TabBarView.swift */,
				2CC2E2172B0332C5000A0CF9 /* PreferenceKeys */,
				2C0DBF522B00BE2B002DE51B /* Extensions */,
				2C88F95E2AF36EF3007B28F8 /* Components */,
				2C88F95B2AF36D20007B28F8 /* Views */,
				2C88F9532AF368BF007B28F8 /* Protocols */,
				2C88F9522AF36477007B28F8 /* Enums */,
				2C88F9512AF36431007B28F8 /* ViewModels */,
				2C88F94C2AF360DC007B28F8 /* Services */,
				2C88F93D2AF358A0007B28F8 /* Models */,
				2C4D69312AF28FA000CF5A55 /* Assets.xcassets */,
				2C4D69332AF28FA000CF5A55 /* Preview Content */,
			);
			path = TraceNBA;
			sourceTree = "<group>";
		};
		2C4D69332AF28FA000CF5A55 /* Preview Content */ = {
			isa = PBXGroup;
			children = (
				2C4D69342AF28FA000CF5A55 /* Preview Assets.xcassets */,
			);
			path = "Preview Content";
			sourceTree = "<group>";
		};
		2C88F93D2AF358A0007B28F8 /* Models */ = {
			isa = PBXGroup;
			children = (
				2C88F93E2AF358CA007B28F8 /* MatchModel.swift */,
				2C88F9482AF35CA6007B28F8 /* PlayerModel.swift */,
				2C0DBF442AFFA87F002DE51B /* LineupsModels */,
				2C3D5F672AF958640066790A /* StatisticsItemModel.swift */,
				2C88F9402AF35973007B28F8 /* TeamModel.swift */,
				2C88F9422AF359DC007B28F8 /* ScoreModel.swift */,
				2CC1715C2B08900400235890 /* SeasonModel.swift */,
				2C88F9442AF35A4D007B28F8 /* DataModel.swift */,
				2CB2D8DA2B0A556B0072A216 /* TransferModel.swift */,
				2C3095FB2B0B8F5800350AB9 /* VenueModel.swift */,
				2C9B80602B049A6700F98BA2 /* IncidentModel.swift */,
				2C0DBF4B2B009242002DE51B /* CountryModel.swift */,
				2C0DBF472AFFA943002DE51B /* PlayerStatisticsModel.swift */,
				2CC1715E2B0890AC00235890 /* UniqueTournamentSeasonsItem.swift */,
				2C91416D2B00EAEF0020AFA0 /* HighlightModel.swift */,
				2CB2D8D02B08D6770072A216 /* PlayerStatisticsDataModel.swift */,
				2C88F9462AF35BF3007B28F8 /* ManagerModel.swift */,
				2C9576E02AF686BD00BC7F75 /* TournamentModel.swift */,
				2C3D5F592AF953820066790A /* StatisticsMatchModel.swift */,
				2C3D5F5D2AF9563F0066790A /* GroupModel.swift */,
			);
			path = Models;
			sourceTree = "<group>";
		};
		2C88F94C2AF360DC007B28F8 /* Services */ = {
			isa = PBXGroup;
			children = (
				2C88F94D2AF360EF007B28F8 /* DataService.swift */,
				2C88F9672AF37DC4007B28F8 /* MockDataService.swift */,
				2C88F97E2AF4099B007B28F8 /* LocalFileManager.swift */,
			);
			path = Services;
			sourceTree = "<group>";
		};
		2C88F9512AF36431007B28F8 /* ViewModels */ = {
			isa = PBXGroup;
			children = (
				2C88F9652AF37711007B28F8 /* StreamMatchesViewModel.swift */,
				2C9576E82AF7735400BC7F75 /* EventsViewModel.swift */,
				2CE10D202B073B83003B6C81 /* PlayerProfileViewModel.swift */,
				2C0DBF1C2AFB4EE2002DE51B /* StatisticsMatchViewModel.swift */,
				2C0DBF572B00C30C002DE51B /* ImageViewComponetViewModel.swift */,
				2C3095F92B0B8E4C00350AB9 /* TeamProfileViewModel.swift */,
			);
			path = ViewModels;
			sourceTree = "<group>";
		};
		2C88F9522AF36477007B28F8 /* Enums */ = {
			isa = PBXGroup;
			children = (
				2C88F94A2AF35F20007B28F8 /* Constants.swift */,
				2C3D5F612AF9568B0066790A /* GroupNameType.swift */,
				2C88F94F2AF362AF007B28F8 /* Errors.swift */,
				2C0DBF5B2B00CDB2002DE51B /* TypeShowTeam.swift */,
				2C9B805C2B04996E00F98BA2 /* TypeIncidentClass.swift */,
				2C88F9822AF4B653007B28F8 /* TypeEntity.swift */,
				2C9B805E2B049A0F00F98BA2 /* IncidentType.swift */,
				2CDFB1562B07BD3D009BA1C1 /* TypeEntityPlayer.swift */,
				2CB2D8D62B0A418B0072A216 /* TypeNearMatch.swift */,
				2C0DBF4F2B00BDE7002DE51B /* TypeTopTableItem.swift */,
				2C9576EC2AF77A1000BC7F75 /* NoDataMessage.swift */,
				2C3D5F652AF958450066790A /* NameStatisticsItemType.swift */,
				2C91416F2B00EC5B0020AFA0 /* FakeData.swift */,
				2C3D5F6B2AF95AA10066790A /* ValueType.swift */,
				2C9576F22AF782BB00BC7F75 /* TypeTime.swift */,
				2C3D5F5F2AF956620066790A /* PeriodType.swift */,
				2C0DBF492AFFAB64002DE51B /* TypeStatisticsView.swift */,
			);
			path = Enums;
			sourceTree = "<group>";
		};
		2C88F9532AF368BF007B28F8 /* Protocols */ = {
			isa = PBXGroup;
			children = (
				2C88F9542AF368D3007B28F8 /* DataServiceProtocol.swift */,
			);
			path = Protocols;
			sourceTree = "<group>";
		};
		2C88F95B2AF36D20007B28F8 /* Views */ = {
			isa = PBXGroup;
			children = (
				2C3095F62B0B8DD100350AB9 /* TeamProfileView */,
				2CE10D192B07309F003B6C81 /* PlayerProfileView */,
				2CC2E2122B026216000A0CF9 /* PlayerStatisticsView */,
				2C0DBF372AFDE50A002DE51B /* StreamMatchesView */,
				2C0DBF362AFDE500002DE51B /* EventsView */,
				2C0DBF312AFDD4AA002DE51B /* StatisticsMatchView */,
			);
			path = Views;
			sourceTree = "<group>";
		};
		2C88F95E2AF36EF3007B28F8 /* Components */ = {
			isa = PBXGroup;
			children = (
				2C3095FD2B0C617A00350AB9 /* TeamProfileViewComponents */,
				2CDFB1552B07BCF8009BA1C1 /* PlayerProfileViewComponents */,
				2C0DBF212AFBB061002DE51B /* StatisticsMatchViewComponents */,
				2C0DBF202AFBAD60002DE51B /* UniversalComponents */,
				2C0DBF1F2AFBAD55002DE51B /* StreamMatchesViewComponents */,
				2C0DBF1E2AFBAD48002DE51B /* EventsViewComponents */,
			);
			path = Components;
			sourceTree = "<group>";
		};
		2C88F96E2AF3861C007B28F8 /* TraceNBA_Tests */ = {
			isa = PBXGroup;
			children = (
				2C88F96F2AF3861C007B28F8 /* TraceNBA_Tests.swift */,
				2C88F9762AF388B9007B28F8 /* StreamMatchesViewModel_Tests.swift */,
				2C88F9782AF396AB007B28F8 /* MockDataService_Tests.swift */,
				2C9576F82AF7E65C00BC7F75 /* EventsViewModel_Tests.swift */,
			);
			path = TraceNBA_Tests;
			sourceTree = "<group>";
		};
		2CC2E2122B026216000A0CF9 /* PlayerStatisticsView */ = {
			isa = PBXGroup;
			children = (
				2CC2E2132B02622B000A0CF9 /* PlayerStatisticsView.swift */,
				2CC2E2152B026F04000A0CF9 /* PlayerStatisticsView+Components.swift */,
				2C621D102B034DE0004E0E79 /* PlayerStatisticsView+Toolbar.swift */,
			);
			path = PlayerStatisticsView;
			sourceTree = "<group>";
		};
		2CC2E2172B0332C5000A0CF9 /* PreferenceKeys */ = {
			isa = PBXGroup;
			children = (
				2CC2E2182B0332EB000A0CF9 /* ScrollViewOffsetPreferenceKey.swift */,
			);
			path = PreferenceKeys;
			sourceTree = "<group>";
		};
		2CDFB1552B07BCF8009BA1C1 /* PlayerProfileViewComponents */ = {
			isa = PBXGroup;
			children = (
				2CDFB1582B07BE82009BA1C1 /* PickerTypeEntityPlayerViewComponent.swift */,
				2CB2D8D22B09DE720072A216 /* PickerSeasonPlayerViewComponent.swift */,
				2CB2D8D42B09EE950072A216 /* StatisticsPlayerViewComponent.swift */,
				2CDFB15A2B07D50F009BA1C1 /* TitlePlayerViewComponent.swift */,
				2CB2D8DC2B0A5BFF0072A216 /* TransferItemViewComponent.swift */,
			);
			path = PlayerProfileViewComponents;
			sourceTree = "<group>";
		};
		2CE10D192B07309F003B6C81 /* PlayerProfileView */ = {
			isa = PBXGroup;
			children = (
				2CE10D1A2B0730B5003B6C81 /* PlayerProfileView.swift */,
				2CE10D222B075A27003B6C81 /* PlayerProfileView+Content.swift */,
				2CE10D1E2B07329C003B6C81 /* PlayerProfileView+Components.swift */,
				2CE10D1C2B07323C003B6C81 /* PlayerProfileView+Toolbar.swift */,
			);
			path = PlayerProfileView;
			sourceTree = "<group>";
		};
/* End PBXGroup section */

/* Begin PBXNativeTarget section */
		2C4D69292AF28F9F00CF5A55 /* TraceNBA */ = {
			isa = PBXNativeTarget;
			buildConfigurationList = 2C4D69382AF28FA000CF5A55 /* Build configuration list for PBXNativeTarget "TraceNBA" */;
			buildPhases = (
				2C4D69262AF28F9F00CF5A55 /* Sources */,
				2C4D69272AF28F9F00CF5A55 /* Frameworks */,
				2C4D69282AF28F9F00CF5A55 /* Resources */,
			);
			buildRules = (
			);
			dependencies = (
			);
			name = TraceNBA;
			productName = TraceNBA;
			productReference = 2C4D692A2AF28F9F00CF5A55 /* TraceNBA.app */;
			productType = "com.apple.product-type.application";
		};
		2C88F96C2AF3861C007B28F8 /* TraceNBA_Tests */ = {
			isa = PBXNativeTarget;
			buildConfigurationList = 2C88F9732AF3861C007B28F8 /* Build configuration list for PBXNativeTarget "TraceNBA_Tests" */;
			buildPhases = (
				2C88F9692AF3861C007B28F8 /* Sources */,
				2C88F96A2AF3861C007B28F8 /* Frameworks */,
				2C88F96B2AF3861C007B28F8 /* Resources */,
			);
			buildRules = (
			);
			dependencies = (
				2C88F9722AF3861C007B28F8 /* PBXTargetDependency */,
			);
			name = TraceNBA_Tests;
			productName = TraceNBA_Tests;
			productReference = 2C88F96D2AF3861C007B28F8 /* TraceNBA_Tests.xctest */;
			productType = "com.apple.product-type.bundle.unit-test";
		};
/* End PBXNativeTarget section */

/* Begin PBXProject section */
		2C4D69222AF28F9F00CF5A55 /* Project object */ = {
			isa = PBXProject;
			attributes = {
				BuildIndependentTargetsInParallel = 1;
				LastSwiftUpdateCheck = 1500;
				LastUpgradeCheck = 1500;
				TargetAttributes = {
					2C4D69292AF28F9F00CF5A55 = {
						CreatedOnToolsVersion = 15.0;
					};
					2C88F96C2AF3861C007B28F8 = {
						CreatedOnToolsVersion = 15.0;
						TestTargetID = 2C4D69292AF28F9F00CF5A55;
					};
				};
			};
			buildConfigurationList = 2C4D69252AF28F9F00CF5A55 /* Build configuration list for PBXProject "TraceNBA" */;
			compatibilityVersion = "Xcode 14.0";
			developmentRegion = en;
			hasScannedForEncodings = 0;
			knownRegions = (
				en,
				Base,
			);
			mainGroup = 2C4D69212AF28F9F00CF5A55;
			productRefGroup = 2C4D692B2AF28F9F00CF5A55 /* Products */;
			projectDirPath = "";
			projectRoot = "";
			targets = (
				2C4D69292AF28F9F00CF5A55 /* TraceNBA */,
				2C88F96C2AF3861C007B28F8 /* TraceNBA_Tests */,
			);
		};
/* End PBXProject section */

/* Begin PBXResourcesBuildPhase section */
		2C4D69282AF28F9F00CF5A55 /* Resources */ = {
			isa = PBXResourcesBuildPhase;
			buildActionMask = 2147483647;
			files = (
				2C4D69352AF28FA000CF5A55 /* Preview Assets.xcassets in Resources */,
				2C4D69322AF28FA000CF5A55 /* Assets.xcassets in Resources */,
			);
			runOnlyForDeploymentPostprocessing = 0;
		};
		2C88F96B2AF3861C007B28F8 /* Resources */ = {
			isa = PBXResourcesBuildPhase;
			buildActionMask = 2147483647;
			files = (
			);
			runOnlyForDeploymentPostprocessing = 0;
		};
/* End PBXResourcesBuildPhase section */

/* Begin PBXSourcesBuildPhase section */
		2C4D69262AF28F9F00CF5A55 /* Sources */ = {
			isa = PBXSourcesBuildPhase;
			buildActionMask = 2147483647;
			files = (
				2C0DBF292AFBE0DD002DE51B /* ScoreTableViewComponent.swift in Sources */,
				2C3D5F662AF958450066790A /* NameStatisticsItemType.swift in Sources */,
				2CDFB15B2B07D50F009BA1C1 /* TitlePlayerViewComponent.swift in Sources */,
				2C88F9552AF368D3007B28F8 /* DataServiceProtocol.swift in Sources */,
				2C3095FA2B0B8E4C00350AB9 /* TeamProfileViewModel.swift in Sources */,
				2CB2D8DD2B0A5BFF0072A216 /* TransferItemViewComponent.swift in Sources */,
				2C9576F32AF782BB00BC7F75 /* TypeTime.swift in Sources */,
				2C88F9832AF4B653007B28F8 /* TypeEntity.swift in Sources */,
				2CB2D8D72B0A418B0072A216 /* TypeNearMatch.swift in Sources */,
				2C9576E12AF686BD00BC7F75 /* TournamentModel.swift in Sources */,
				2CB2D8DB2B0A556B0072A216 /* TransferModel.swift in Sources */,
				2CC1715F2B0890AC00235890 /* UniqueTournamentSeasonsItem.swift in Sources */,
				2C88F9502AF362AF007B28F8 /* Errors.swift in Sources */,
				2C0DBF5A2B00C559002DE51B /* PickerTeamViewComponent.swift in Sources */,
				2C9B80632B04ACE600F98BA2 /* VStackMaxHeight.swift in Sources */,
				2CC1715D2B08900400235890 /* SeasonModel.swift in Sources */,
				2C91416E2B00EAEF0020AFA0 /* HighlightModel.swift in Sources */,
				2C0DBF252AFBCA90002DE51B /* MatchViewComponent.swift in Sources */,
				2C88F97D2AF40779007B28F8 /* GradientComponent.swift in Sources */,
				2CB2D8D12B08D6770072A216 /* PlayerStatisticsDataModel.swift in Sources */,
				2C0DBF392AFF3AC4002DE51B /* NumberCircleViewComponent.swift in Sources */,
				2C0DBF2B2AFD1B26002DE51B /* ProgressCircleViewComponent.swift in Sources */,
				2C0DBF3B2AFF40FF002DE51B /* StatisticsItemViewComponent.swift in Sources */,
				2C0DBF4E2B00A4B3002DE51B /* LineupsPlayerTableViewComponent.swift in Sources */,
				2C0DBF412AFFA786002DE51B /* LineupsItemModel.swift in Sources */,
				2C88F94E2AF360EF007B28F8 /* DataService.swift in Sources */,
				2C0DBF562B00C291002DE51B /* ImageViewComponent.swift in Sources */,
				2CB2D8D32B09DE720072A216 /* PickerSeasonPlayerViewComponent.swift in Sources */,
				2CC2E2192B0332EB000A0CF9 /* ScrollViewOffsetPreferenceKey.swift in Sources */,
				2CC2E2142B02622B000A0CF9 /* PlayerStatisticsView.swift in Sources */,
				2C0DBF462AFFA8D8002DE51B /* LineupsItemMissingPlayerModel.swift in Sources */,
				2C88F93F2AF358CA007B28F8 /* MatchModel.swift in Sources */,
				2C88F9682AF37DC4007B28F8 /* MockDataService.swift in Sources */,
				2CE10D1B2B0730B5003B6C81 /* PlayerProfileView.swift in Sources */,
				2C3D5F622AF9568B0066790A /* GroupNameType.swift in Sources */,
				2C9B80652B04AF1400F98BA2 /* IncidentItemViewComponent.swift in Sources */,
				2C3D5F5E2AF9563F0066790A /* GroupModel.swift in Sources */,
				2C0DBF1B2AFB4EA3002DE51B /* StatisticsMatchView.swift in Sources */,
				2C88F9412AF35973007B28F8 /* TeamModel.swift in Sources */,
				2C88F9472AF35BF3007B28F8 /* ManagerModel.swift in Sources */,
				2CE10D232B075A27003B6C81 /* PlayerProfileView+Content.swift in Sources */,
				2C3D5F682AF958640066790A /* StatisticsItemModel.swift in Sources */,
				2CB2D8D52B09EE950072A216 /* StatisticsPlayerViewComponent.swift in Sources */,
				2C621D112B034DE0004E0E79 /* PlayerStatisticsView+Toolbar.swift in Sources */,
				2CE10D212B073B83003B6C81 /* PlayerProfileViewModel.swift in Sources */,
				2C9141702B00EC5B0020AFA0 /* FakeData.swift in Sources */,
				2C9576E52AF772AD00BC7F75 /* ChangingDateViewComponent.swift in Sources */,
				2CC1715B2B088DA400235890 /* Color.swift in Sources */,
				2C0DBF482AFFA943002DE51B /* PlayerStatisticsModel.swift in Sources */,
				2CC2E21B2B0333AA000A0CF9 /* View.swift in Sources */,
				2C0DBF432AFFA870002DE51B /* LineupsItemPlayerModel.swift in Sources */,
				2CDFB1592B07BE82009BA1C1 /* PickerTypeEntityPlayerViewComponent.swift in Sources */,
				2C9B805F2B049A0F00F98BA2 /* IncidentType.swift in Sources */,
				2C0DBF542B00BE94002DE51B /* Int.swift in Sources */,
				2C9576E72AF7730900BC7F75 /* EventsView.swift in Sources */,
				2C4D69592AF2A70C00CF5A55 /* TabBarView.swift in Sources */,
				2C0DBF352AFDD5B3002DE51B /* StatisticsMatchView+Components.swift in Sources */,
				2CE10D1D2B07323C003B6C81 /* PlayerProfileView+Toolbar.swift in Sources */,
				2C0DBF5C2B00CDB2002DE51B /* TypeShowTeam.swift in Sources */,
				2C0DBF272AFBDB39002DE51B /* PickerStatisticsViewComponent.swift in Sources */,
				2C13BADE2B01343100554FF8 /* HighlightsImageViewComponent.swift in Sources */,
				2CC2E21D2B0349C1000A0CF9 /* UINavigationController.swift in Sources */,
				2C3D5F6C2AF95AA10066790A /* ValueType.swift in Sources */,
				2C3095FC2B0B8F5800350AB9 /* VenueModel.swift in Sources */,
				2C88F9492AF35CA6007B28F8 /* PlayerModel.swift in Sources */,
				2C0DBF1D2AFB4EE2002DE51B /* StatisticsMatchViewModel.swift in Sources */,
				2C88F94B2AF35F20007B28F8 /* Constants.swift in Sources */,
				2C0DBF3F2AFFA73C002DE51B /* LineupsDataModel.swift in Sources */,
				2C9B805D2B04996E00F98BA2 /* TypeIncidentClass.swift in Sources */,
				2C0DBF2D2AFD322F002DE51B /* PeriodPickerViewComponent.swift in Sources */,
				2C0DBF582B00C30C002DE51B /* ImageViewComponetViewModel.swift in Sources */,
				2C3095F82B0B8DE100350AB9 /* TeamProfileView.swift in Sources */,
				2C13BADC2B0123EF00554FF8 /* HighlightsItemViewComponent.swift in Sources */,
				2C9B80612B049A6700F98BA2 /* IncidentModel.swift in Sources */,
				2C3D5F5A2AF953820066790A /* StatisticsMatchModel.swift in Sources */,
				2C88F9662AF37711007B28F8 /* StreamMatchesViewModel.swift in Sources */,
				2C0DBF502B00BDE7002DE51B /* TypeTopTableItem.swift in Sources */,
				2C88F9452AF35A4D007B28F8 /* DataModel.swift in Sources */,
				2C88F9812AF4B32E007B28F8 /* MatchItemViewComponent.swift in Sources */,
				2CDFB1572B07BD3D009BA1C1 /* TypeEntityPlayer.swift in Sources */,
				2C0DBF4C2B009242002DE51B /* CountryModel.swift in Sources */,
				2C3D5F602AF956620066790A /* PeriodType.swift in Sources */,
				2C9576EB2AF779D200BC7F75 /* NoDataViewComponent.swift in Sources */,
				2CE10D1F2B07329C003B6C81 /* PlayerProfileView+Components.swift in Sources */,
				2C88F9622AF372F5007B28F8 /* LiveComponent.swift in Sources */,
				2C88F9432AF359DC007B28F8 /* ScoreModel.swift in Sources */,
				2C0DBF4A2AFFAB64002DE51B /* TypeStatisticsView.swift in Sources */,
				2C9576F72AF79B0000BC7F75 /* PlugRectangleViewComponent.swift in Sources */,
				2C9576ED2AF77A1000BC7F75 /* NoDataMessage.swift in Sources */,
				2C4D692E2AF28F9F00CF5A55 /* TraceNBAApp.swift in Sources */,
				2C9576E92AF7735400BC7F75 /* EventsViewModel.swift in Sources */,
				2C88F95D2AF36D4A007B28F8 /* StreamMatchesView.swift in Sources */,
				2C0DBF332AFDD4BD002DE51B /* StatisticsMatchView+Content.swift in Sources */,
				2C88F97F2AF4099B007B28F8 /* LocalFileManager.swift in Sources */,
				2CC2E2162B026F04000A0CF9 /* PlayerStatisticsView+Components.swift in Sources */,
				2C0DBF3D2AFF4590002DE51B /* ListGroupStatisticsViewComponent.swift in Sources */,
			);
			runOnlyForDeploymentPostprocessing = 0;
		};
		2C88F9692AF3861C007B28F8 /* Sources */ = {
			isa = PBXSourcesBuildPhase;
			buildActionMask = 2147483647;
			files = (
				2C88F9772AF388B9007B28F8 /* StreamMatchesViewModel_Tests.swift in Sources */,
				2C9576F92AF7E65C00BC7F75 /* EventsViewModel_Tests.swift in Sources */,
				2C88F9702AF3861C007B28F8 /* TraceNBA_Tests.swift in Sources */,
				2C88F9792AF396AB007B28F8 /* MockDataService_Tests.swift in Sources */,
			);
			runOnlyForDeploymentPostprocessing = 0;
		};
/* End PBXSourcesBuildPhase section */

/* Begin PBXTargetDependency section */
		2C88F9722AF3861C007B28F8 /* PBXTargetDependency */ = {
			isa = PBXTargetDependency;
			target = 2C4D69292AF28F9F00CF5A55 /* TraceNBA */;
			targetProxy = 2C88F9712AF3861C007B28F8 /* PBXContainerItemProxy */;
		};
/* End PBXTargetDependency section */

/* Begin XCBuildConfiguration section */
		2C4D69362AF28FA000CF5A55 /* Debug */ = {
			isa = XCBuildConfiguration;
			buildSettings = {
				ALWAYS_SEARCH_USER_PATHS = NO;
				ASSETCATALOG_COMPILER_GENERATE_SWIFT_ASSET_SYMBOL_EXTENSIONS = YES;
				CLANG_ANALYZER_NONNULL = YES;
				CLANG_ANALYZER_NUMBER_OBJECT_CONVERSION = YES_AGGRESSIVE;
				CLANG_CXX_LANGUAGE_STANDARD = "gnu++20";
				CLANG_ENABLE_MODULES = YES;
				CLANG_ENABLE_OBJC_ARC = YES;
				CLANG_ENABLE_OBJC_WEAK = YES;
				CLANG_WARN_BLOCK_CAPTURE_AUTORELEASING = YES;
				CLANG_WARN_BOOL_CONVERSION = YES;
				CLANG_WARN_COMMA = YES;
				CLANG_WARN_CONSTANT_CONVERSION = YES;
				CLANG_WARN_DEPRECATED_OBJC_IMPLEMENTATIONS = YES;
				CLANG_WARN_DIRECT_OBJC_ISA_USAGE = YES_ERROR;
				CLANG_WARN_DOCUMENTATION_COMMENTS = YES;
				CLANG_WARN_EMPTY_BODY = YES;
				CLANG_WARN_ENUM_CONVERSION = YES;
				CLANG_WARN_INFINITE_RECURSION = YES;
				CLANG_WARN_INT_CONVERSION = YES;
				CLANG_WARN_NON_LITERAL_NULL_CONVERSION = YES;
				CLANG_WARN_OBJC_IMPLICIT_RETAIN_SELF = YES;
				CLANG_WARN_OBJC_LITERAL_CONVERSION = YES;
				CLANG_WARN_OBJC_ROOT_CLASS = YES_ERROR;
				CLANG_WARN_QUOTED_INCLUDE_IN_FRAMEWORK_HEADER = YES;
				CLANG_WARN_RANGE_LOOP_ANALYSIS = YES;
				CLANG_WARN_STRICT_PROTOTYPES = YES;
				CLANG_WARN_SUSPICIOUS_MOVE = YES;
				CLANG_WARN_UNGUARDED_AVAILABILITY = YES_AGGRESSIVE;
				CLANG_WARN_UNREACHABLE_CODE = YES;
				CLANG_WARN__DUPLICATE_METHOD_MATCH = YES;
				COPY_PHASE_STRIP = NO;
				DEBUG_INFORMATION_FORMAT = dwarf;
				ENABLE_STRICT_OBJC_MSGSEND = YES;
				ENABLE_TESTABILITY = YES;
				ENABLE_USER_SCRIPT_SANDBOXING = YES;
				GCC_C_LANGUAGE_STANDARD = gnu17;
				GCC_DYNAMIC_NO_PIC = NO;
				GCC_NO_COMMON_BLOCKS = YES;
				GCC_OPTIMIZATION_LEVEL = 0;
				GCC_PREPROCESSOR_DEFINITIONS = (
					"DEBUG=1",
					"$(inherited)",
				);
				GCC_WARN_64_TO_32_BIT_CONVERSION = YES;
				GCC_WARN_ABOUT_RETURN_TYPE = YES_ERROR;
				GCC_WARN_UNDECLARED_SELECTOR = YES;
				GCC_WARN_UNINITIALIZED_AUTOS = YES_AGGRESSIVE;
				GCC_WARN_UNUSED_FUNCTION = YES;
				GCC_WARN_UNUSED_VARIABLE = YES;
				IPHONEOS_DEPLOYMENT_TARGET = 17.0;
				LOCALIZATION_PREFERS_STRING_CATALOGS = YES;
				MTL_ENABLE_DEBUG_INFO = INCLUDE_SOURCE;
				MTL_FAST_MATH = YES;
				ONLY_ACTIVE_ARCH = YES;
				SDKROOT = iphoneos;
				SWIFT_ACTIVE_COMPILATION_CONDITIONS = "DEBUG $(inherited)";
				SWIFT_OPTIMIZATION_LEVEL = "-Onone";
			};
			name = Debug;
		};
		2C4D69372AF28FA000CF5A55 /* Release */ = {
			isa = XCBuildConfiguration;
			buildSettings = {
				ALWAYS_SEARCH_USER_PATHS = NO;
				ASSETCATALOG_COMPILER_GENERATE_SWIFT_ASSET_SYMBOL_EXTENSIONS = YES;
				CLANG_ANALYZER_NONNULL = YES;
				CLANG_ANALYZER_NUMBER_OBJECT_CONVERSION = YES_AGGRESSIVE;
				CLANG_CXX_LANGUAGE_STANDARD = "gnu++20";
				CLANG_ENABLE_MODULES = YES;
				CLANG_ENABLE_OBJC_ARC = YES;
				CLANG_ENABLE_OBJC_WEAK = YES;
				CLANG_WARN_BLOCK_CAPTURE_AUTORELEASING = YES;
				CLANG_WARN_BOOL_CONVERSION = YES;
				CLANG_WARN_COMMA = YES;
				CLANG_WARN_CONSTANT_CONVERSION = YES;
				CLANG_WARN_DEPRECATED_OBJC_IMPLEMENTATIONS = YES;
				CLANG_WARN_DIRECT_OBJC_ISA_USAGE = YES_ERROR;
				CLANG_WARN_DOCUMENTATION_COMMENTS = YES;
				CLANG_WARN_EMPTY_BODY = YES;
				CLANG_WARN_ENUM_CONVERSION = YES;
				CLANG_WARN_INFINITE_RECURSION = YES;
				CLANG_WARN_INT_CONVERSION = YES;
				CLANG_WARN_NON_LITERAL_NULL_CONVERSION = YES;
				CLANG_WARN_OBJC_IMPLICIT_RETAIN_SELF = YES;
				CLANG_WARN_OBJC_LITERAL_CONVERSION = YES;
				CLANG_WARN_OBJC_ROOT_CLASS = YES_ERROR;
				CLANG_WARN_QUOTED_INCLUDE_IN_FRAMEWORK_HEADER = YES;
				CLANG_WARN_RANGE_LOOP_ANALYSIS = YES;
				CLANG_WARN_STRICT_PROTOTYPES = YES;
				CLANG_WARN_SUSPICIOUS_MOVE = YES;
				CLANG_WARN_UNGUARDED_AVAILABILITY = YES_AGGRESSIVE;
				CLANG_WARN_UNREACHABLE_CODE = YES;
				CLANG_WARN__DUPLICATE_METHOD_MATCH = YES;
				COPY_PHASE_STRIP = NO;
				DEBUG_INFORMATION_FORMAT = "dwarf-with-dsym";
				ENABLE_NS_ASSERTIONS = NO;
				ENABLE_STRICT_OBJC_MSGSEND = YES;
				ENABLE_USER_SCRIPT_SANDBOXING = YES;
				GCC_C_LANGUAGE_STANDARD = gnu17;
				GCC_NO_COMMON_BLOCKS = YES;
				GCC_WARN_64_TO_32_BIT_CONVERSION = YES;
				GCC_WARN_ABOUT_RETURN_TYPE = YES_ERROR;
				GCC_WARN_UNDECLARED_SELECTOR = YES;
				GCC_WARN_UNINITIALIZED_AUTOS = YES_AGGRESSIVE;
				GCC_WARN_UNUSED_FUNCTION = YES;
				GCC_WARN_UNUSED_VARIABLE = YES;
				IPHONEOS_DEPLOYMENT_TARGET = 17.0;
				LOCALIZATION_PREFERS_STRING_CATALOGS = YES;
				MTL_ENABLE_DEBUG_INFO = NO;
				MTL_FAST_MATH = YES;
				SDKROOT = iphoneos;
				SWIFT_COMPILATION_MODE = wholemodule;
				VALIDATE_PRODUCT = YES;
			};
			name = Release;
		};
		2C4D69392AF28FA000CF5A55 /* Debug */ = {
			isa = XCBuildConfiguration;
			buildSettings = {
				ASSETCATALOG_COMPILER_APPICON_NAME = AppIcon;
				ASSETCATALOG_COMPILER_GLOBAL_ACCENT_COLOR_NAME = AccentColor;
				CODE_SIGN_STYLE = Automatic;
				CURRENT_PROJECT_VERSION = 1;
				DEVELOPMENT_ASSET_PATHS = "\"TraceNBA/Preview Content\"";
				DEVELOPMENT_TEAM = 3U7F2TKHLN;
				ENABLE_PREVIEWS = YES;
				GENERATE_INFOPLIST_FILE = YES;
				INFOPLIST_KEY_UIApplicationSceneManifest_Generation = YES;
				INFOPLIST_KEY_UIApplicationSupportsIndirectInputEvents = YES;
				INFOPLIST_KEY_UILaunchScreen_Generation = YES;
				INFOPLIST_KEY_UISupportedInterfaceOrientations_iPad = "UIInterfaceOrientationPortrait UIInterfaceOrientationPortraitUpsideDown UIInterfaceOrientationLandscapeLeft UIInterfaceOrientationLandscapeRight";
				INFOPLIST_KEY_UISupportedInterfaceOrientations_iPhone = "UIInterfaceOrientationPortrait UIInterfaceOrientationLandscapeLeft UIInterfaceOrientationLandscapeRight";
				LD_RUNPATH_SEARCH_PATHS = (
					"$(inherited)",
					"@executable_path/Frameworks",
				);
				MARKETING_VERSION = 1.0;
				PRODUCT_BUNDLE_IDENTIFIER = vadim.martynenko.TraceNBA;
				PRODUCT_NAME = "$(TARGET_NAME)";
				SWIFT_EMIT_LOC_STRINGS = YES;
				SWIFT_VERSION = 5.0;
				TARGETED_DEVICE_FAMILY = "1,2";
			};
			name = Debug;
		};
		2C4D693A2AF28FA000CF5A55 /* Release */ = {
			isa = XCBuildConfiguration;
			buildSettings = {
				ASSETCATALOG_COMPILER_APPICON_NAME = AppIcon;
				ASSETCATALOG_COMPILER_GLOBAL_ACCENT_COLOR_NAME = AccentColor;
				CODE_SIGN_STYLE = Automatic;
				CURRENT_PROJECT_VERSION = 1;
				DEVELOPMENT_ASSET_PATHS = "\"TraceNBA/Preview Content\"";
				DEVELOPMENT_TEAM = 3U7F2TKHLN;
				ENABLE_PREVIEWS = YES;
				GENERATE_INFOPLIST_FILE = YES;
				INFOPLIST_KEY_UIApplicationSceneManifest_Generation = YES;
				INFOPLIST_KEY_UIApplicationSupportsIndirectInputEvents = YES;
				INFOPLIST_KEY_UILaunchScreen_Generation = YES;
				INFOPLIST_KEY_UISupportedInterfaceOrientations_iPad = "UIInterfaceOrientationPortrait UIInterfaceOrientationPortraitUpsideDown UIInterfaceOrientationLandscapeLeft UIInterfaceOrientationLandscapeRight";
				INFOPLIST_KEY_UISupportedInterfaceOrientations_iPhone = "UIInterfaceOrientationPortrait UIInterfaceOrientationLandscapeLeft UIInterfaceOrientationLandscapeRight";
				LD_RUNPATH_SEARCH_PATHS = (
					"$(inherited)",
					"@executable_path/Frameworks",
				);
				MARKETING_VERSION = 1.0;
				PRODUCT_BUNDLE_IDENTIFIER = vadim.martynenko.TraceNBA;
				PRODUCT_NAME = "$(TARGET_NAME)";
				SWIFT_EMIT_LOC_STRINGS = YES;
				SWIFT_VERSION = 5.0;
				TARGETED_DEVICE_FAMILY = "1,2";
			};
			name = Release;
		};
		2C88F9742AF3861C007B28F8 /* Debug */ = {
			isa = XCBuildConfiguration;
			buildSettings = {
				BUNDLE_LOADER = "$(TEST_HOST)";
				CODE_SIGN_STYLE = Automatic;
				CURRENT_PROJECT_VERSION = 1;
				DEVELOPMENT_TEAM = 3U7F2TKHLN;
				GENERATE_INFOPLIST_FILE = YES;
				MARKETING_VERSION = 1.0;
				PRODUCT_BUNDLE_IDENTIFIER = "vadim.martynenko.TraceNBA-Tests";
				PRODUCT_NAME = "$(TARGET_NAME)";
				SWIFT_EMIT_LOC_STRINGS = NO;
				SWIFT_VERSION = 5.0;
				TARGETED_DEVICE_FAMILY = "1,2";
				TEST_HOST = "$(BUILT_PRODUCTS_DIR)/TraceNBA.app/$(BUNDLE_EXECUTABLE_FOLDER_PATH)/TraceNBA";
			};
			name = Debug;
		};
		2C88F9752AF3861C007B28F8 /* Release */ = {
			isa = XCBuildConfiguration;
			buildSettings = {
				BUNDLE_LOADER = "$(TEST_HOST)";
				CODE_SIGN_STYLE = Automatic;
				CURRENT_PROJECT_VERSION = 1;
				DEVELOPMENT_TEAM = 3U7F2TKHLN;
				GENERATE_INFOPLIST_FILE = YES;
				MARKETING_VERSION = 1.0;
				PRODUCT_BUNDLE_IDENTIFIER = "vadim.martynenko.TraceNBA-Tests";
				PRODUCT_NAME = "$(TARGET_NAME)";
				SWIFT_EMIT_LOC_STRINGS = NO;
				SWIFT_VERSION = 5.0;
				TARGETED_DEVICE_FAMILY = "1,2";
				TEST_HOST = "$(BUILT_PRODUCTS_DIR)/TraceNBA.app/$(BUNDLE_EXECUTABLE_FOLDER_PATH)/TraceNBA";
			};
			name = Release;
		};
/* End XCBuildConfiguration section */

/* Begin XCConfigurationList section */
		2C4D69252AF28F9F00CF5A55 /* Build configuration list for PBXProject "TraceNBA" */ = {
			isa = XCConfigurationList;
			buildConfigurations = (
				2C4D69362AF28FA000CF5A55 /* Debug */,
				2C4D69372AF28FA000CF5A55 /* Release */,
			);
			defaultConfigurationIsVisible = 0;
			defaultConfigurationName = Release;
		};
		2C4D69382AF28FA000CF5A55 /* Build configuration list for PBXNativeTarget "TraceNBA" */ = {
			isa = XCConfigurationList;
			buildConfigurations = (
				2C4D69392AF28FA000CF5A55 /* Debug */,
				2C4D693A2AF28FA000CF5A55 /* Release */,
			);
			defaultConfigurationIsVisible = 0;
			defaultConfigurationName = Release;
		};
		2C88F9732AF3861C007B28F8 /* Build configuration list for PBXNativeTarget "TraceNBA_Tests" */ = {
			isa = XCConfigurationList;
			buildConfigurations = (
				2C88F9742AF3861C007B28F8 /* Debug */,
				2C88F9752AF3861C007B28F8 /* Release */,
			);
			defaultConfigurationIsVisible = 0;
			defaultConfigurationName = Release;
		};
/* End XCConfigurationList section */
	};
	rootObject = 2C4D69222AF28F9F00CF5A55 /* Project object */;
}
